
Microsoft Visual Studio Solution File, Format Version 12.00
# Visual Studio 2012
Project("{FAE04EC0-301F-11D3-BF4B-00C04F79EFBC}") = "Numara Sorgulama", "Numara Sorgulama\Numara Sorgulama.csproj", "{221DC96A-FE0C-4C0D-97DA-3522AB468CFC}"
EndProject
Global
	GlobalSection(SolutionConfigurationPlatforms) = preSolution
		Debug|Any CPU = Debug|Any CPU
		Release|Any CPU = Release|Any CPU
	EndGlobalSection
	GlobalSection(ProjectConfigurationPlatforms) = postSolution
		{221DC96A-FE0C-4C0D-97DA-3522AB468CFC}.Debug|Any CPU.ActiveCfg = Debug|Any CPU
		{221DC96A-FE0C-4C0D-97DA-3522AB468CFC}.Debug|Any CPU.Build.0 = Debug|Any CPU
		{221DC96A-FE0C-4C0D-97DA-3522AB468CFC}.Release|Any CPU.ActiveCfg = Release|Any CPU
		{221DC96A-FE0C-4C0D-97DA-3522AB468CFC}.Release|Any CPU.Build.0 = Release|Any CPU
	EndGlobalSection
	GlobalSection(SolutionProperties) = preSolution
		HideSolutionNode = FALSE
	EndGlobalSection
EndGlobal
